// !$*UTF8*$!
{
	archiveVersion = 1;
	classes = {
	};
	objectVersion = 46;
	objects = {

/* Begin PBXBuildFile section */
		D832B5BB1868E47300A650BC /* Foundation.framework in Frameworks */ = {isa = PBXBuildFile; fileRef = D832B5BA1868E47300A650BC /* Foundation.framework */; };
		D832B5BD1868E47300A650BC /* CoreGraphics.framework in Frameworks */ = {isa = PBXBuildFile; fileRef = D832B5BC1868E47300A650BC /* CoreGraphics.framework */; };
		D832B5BF1868E47300A650BC /* UIKit.framework in Frameworks */ = {isa = PBXBuildFile; fileRef = D832B5BE1868E47300A650BC /* UIKit.framework */; };
		D832B5C51868E47300A650BC /* InfoPlist.strings in Resources */ = {isa = PBXBuildFile; fileRef = D832B5C31868E47300A650BC /* InfoPlist.strings */; };
		D832B5C71868E47300A650BC /* main.m in Sources */ = {isa = PBXBuildFile; fileRef = D832B5C61868E47300A650BC /* main.m */; };
		D832B5CB1868E47300A650BC /* SACAppDelegate.m in Sources */ = {isa = PBXBuildFile; fileRef = D832B5CA1868E47300A650BC /* SACAppDelegate.m */; };
		D832B5CE1868E47300A650BC /* Main.storyboard in Resources */ = {isa = PBXBuildFile; fileRef = D832B5CC1868E47300A650BC /* Main.storyboard */; };
		D832B5D11868E47300A650BC /* SACViewController.m in Sources */ = {isa = PBXBuildFile; fileRef = D832B5D01868E47300A650BC /* SACViewController.m */; };
		D832B5D31868E47300A650BC /* Images.xcassets in Resources */ = {isa = PBXBuildFile; fileRef = D832B5D21868E47300A650BC /* Images.xcassets */; };
		D832B5DA1868E47300A650BC /* XCTest.framework in Frameworks */ = {isa = PBXBuildFile; fileRef = D832B5D91868E47300A650BC /* XCTest.framework */; };
		D832B5DB1868E47300A650BC /* Foundation.framework in Frameworks */ = {isa = PBXBuildFile; fileRef = D832B5BA1868E47300A650BC /* Foundation.framework */; };
		D832B5DC1868E47300A650BC /* UIKit.framework in Frameworks */ = {isa = PBXBuildFile; fileRef = D832B5BE1868E47300A650BC /* UIKit.framework */; };
		D832B5E41868E47300A650BC /* InfoPlist.strings in Resources */ = {isa = PBXBuildFile; fileRef = D832B5E21868E47300A650BC /* InfoPlist.strings */; };
		D832B5E61868E47300A650BC /* BodyAngleTests.m in Sources */ = {isa = PBXBuildFile; fileRef = D832B5E51868E47300A650BC /* BodyAngleTests.m */; };
/* End PBXBuildFile section */

/* Begin PBXContainerItemProxy section */
		D832B5DD1868E47300A650BC /* PBXContainerItemProxy */ = {
			isa = PBXContainerItemProxy;
			containerPortal = D832B5AF1868E47300A650BC /* Project object */;
			proxyType = 1;
			remoteGlobalIDString = D832B5B61868E47300A650BC;
			remoteInfo = BodyAngle;
		};
/* End PBXContainerItemProxy section */

/* Begin PBXFileReference section */
		D832B5B71868E47300A650BC /* BodyAngle.app */ = {isa = PBXFileReference; explicitFileType = wrapper.application; includeInIndex = 0; path = BodyAngle.app; sourceTree = BUILT_PRODUCTS_DIR; };
		D832B5BA1868E47300A650BC /* Foundation.framework */ = {isa = PBXFileReference; lastKnownFileType = wrapper.framework; name = Foundation.framework; path = System/Library/Frameworks/Foundation.framework; sourceTree = SDKROOT; };
		D832B5BC1868E47300A650BC /* CoreGraphics.framework */ = {isa = PBXFileReference; lastKnownFileType = wrapper.framework; name = CoreGraphics.framework; path = System/Library/Frameworks/CoreGraphics.framework; sourceTree = SDKROOT; };
		D832B5BE1868E47300A650BC /* UIKit.framework */ = {isa = PBXFileReference; lastKnownFileType = wrapper.framework; name = UIKit.framework; path = System/Library/Frameworks/UIKit.framework; sourceTree = SDKROOT; };
		D832B5C21868E47300A650BC /* BodyAngle-Info.plist */ = {isa = PBXFileReference; lastKnownFileType = text.plist.xml; path = "BodyAngle-Info.plist"; sourceTree = "<group>"; };
		D832B5C41868E47300A650BC /* en */ = {isa = PBXFileReference; lastKnownFileType = text.plist.strings; name = en; path = en.lproj/InfoPlist.strings; sourceTree = "<group>"; };
		D832B5C61868E47300A650BC /* main.m */ = {isa = PBXFileReference; lastKnownFileType = sourcecode.c.objc; path = main.m; sourceTree = "<group>"; };
		D832B5C81868E47300A650BC /* BodyAngle-Prefix.pch */ = {isa = PBXFileReference; lastKnownFileType = sourcecode.c.h; path = "BodyAngle-Prefix.pch"; sourceTree = "<group>"; };
		D832B5C91868E47300A650BC /* SACAppDelegate.h */ = {isa = PBXFileReference; lastKnownFileType = sourcecode.c.h; path = SACAppDelegate.h; sourceTree = "<group>"; };
		D832B5CA1868E47300A650BC /* SACAppDelegate.m */ = {isa = PBXFileReference; lastKnownFileType = sourcecode.c.objc; path = SACAppDelegate.m; sourceTree = "<group>"; };
		D832B5CD1868E47300A650BC /* Base */ = {isa = PBXFileReference; lastKnownFileType = file.storyboard; name = Base; path = Base.lproj/Main.storyboard; sourceTree = "<group>"; };
		D832B5CF1868E47300A650BC /* SACViewController.h */ = {isa = PBXFileReference; lastKnownFileType = sourcecode.c.h; path = SACViewController.h; sourceTree = "<group>"; };
		D832B5D01868E47300A650BC /* SACViewController.m */ = {isa = PBXFileReference; lastKnownFileType = sourcecode.c.objc; path = SACViewController.m; sourceTree = "<group>"; };
		D832B5D21868E47300A650BC /* Images.xcassets */ = {isa = PBXFileReference; lastKnownFileType = folder.assetcatalog; path = Images.xcassets; sourceTree = "<group>"; };
		D832B5D81868E47300A650BC /* BodyAngleTests.xctest */ = {isa = PBXFileReference; explicitFileType = wrapper.cfbundle; includeInIndex = 0; path = BodyAngleTests.xctest; sourceTree = BUILT_PRODUCTS_DIR; };
		D832B5D91868E47300A650BC /* XCTest.framework */ = {isa = PBXFileReference; lastKnownFileType = wrapper.framework; name = XCTest.framework; path = Library/Frameworks/XCTest.framework; sourceTree = DEVELOPER_DIR; };
		D832B5E11868E47300A650BC /* BodyAngleTests-Info.plist */ = {isa = PBXFileReference; lastKnownFileType = text.plist.xml; path = "BodyAngleTests-Info.plist"; sourceTree = "<group>"; };
		D832B5E31868E47300A650BC /* en */ = {isa = PBXFileReference; lastKnownFileType = text.plist.strings; name = en; path = en.lproj/InfoPlist.strings; sourceTree = "<group>"; };
		D832B5E51868E47300A650BC /* BodyAngleTests.m */ = {isa = PBXFileReference; lastKnownFileType = sourcecode.c.objc; path = BodyAngleTests.m; sourceTree = "<group>"; };
/* End PBXFileReference section */

/* Begin PBXFrameworksBuildPhase section */
		D832B5B41868E47300A650BC /* Frameworks */ = {
			isa = PBXFrameworksBuildPhase;
			buildActionMask = 2147483647;
			files = (
				D832B5BD1868E47300A650BC /* CoreGraphics.framework in Frameworks */,
				D832B5BF1868E47300A650BC /* UIKit.framework in Frameworks */,
				D832B5BB1868E47300A650BC /* Foundation.framework in Frameworks */,
			);
			runOnlyForDeploymentPostprocessing = 0;
		};
		D832B5D51868E47300A650BC /* Frameworks */ = {
			isa = PBXFrameworksBuildPhase;
			buildActionMask = 2147483647;
			files = (
				D832B5DA1868E47300A650BC /* XCTest.framework in Frameworks */,
				D832B5DC1868E47300A650BC /* UIKit.framework in Frameworks */,
				D832B5DB1868E47300A650BC /* Foundation.framework in Frameworks */,
			);
			runOnlyForDeploymentPostprocessing = 0;
		};
/* End PBXFrameworksBuildPhase section */

/* Begin PBXGroup section */
		D832B5AE1868E47300A650BC = {
			isa = PBXGroup;
			children = (
				D832B5C01868E47300A650BC /* BodyAngle */,
				D832B5DF1868E47300A650BC /* BodyAngleTests */,
				D832B5B91868E47300A650BC /* Frameworks */,
				D832B5B81868E47300A650BC /* Products */,
			);
			sourceTree = "<group>";
		};
		D832B5B81868E47300A650BC /* Products */ = {
			isa = PBXGroup;
			children = (
				D832B5B71868E47300A650BC /* BodyAngle.app */,
				D832B5D81868E47300A650BC /* BodyAngleTests.xctest */,
			);
			name = Products;
			sourceTree = "<group>";
		};
		D832B5B91868E47300A650BC /* Frameworks */ = {
			isa = PBXGroup;
			children = (
				D832B5BA1868E47300A650BC /* Foundation.framework */,
				D832B5BC1868E47300A650BC /* CoreGraphics.framework */,
				D832B5BE1868E47300A650BC /* UIKit.framework */,
				D832B5D91868E47300A650BC /* XCTest.framework */,
			);
			name = Frameworks;
			sourceTree = "<group>";
		};
		D832B5C01868E47300A650BC /* BodyAngle */ = {
			isa = PBXGroup;
			children = (
				D832B5C91868E47300A650BC /* SACAppDelegate.h */,
				D832B5CA1868E47300A650BC /* SACAppDelegate.m */,
				D832B5CC1868E47300A650BC /* Main.storyboard */,
				D832B5CF1868E47300A650BC /* SACViewController.h */,
				D832B5D01868E47300A650BC /* SACViewController.m */,
				D832B5D21868E47300A650BC /* Images.xcassets */,
				D832B5C11868E47300A650BC /* Supporting Files */,
			);
			path = BodyAngle;
			sourceTree = "<group>";
		};
		D832B5C11868E47300A650BC /* Supporting Files */ = {
			isa = PBXGroup;
			children = (
				D832B5C21868E47300A650BC /* BodyAngle-Info.plist */,
				D832B5C31868E47300A650BC /* InfoPlist.strings */,
				D832B5C61868E47300A650BC /* main.m */,
				D832B5C81868E47300A650BC /* BodyAngle-Prefix.pch */,
			);
			name = "Supporting Files";
			sourceTree = "<group>";
		};
		D832B5DF1868E47300A650BC /* BodyAngleTests */ = {
			isa = PBXGroup;
			children = (
				D832B5E51868E47300A650BC /* BodyAngleTests.m */,
				D832B5E01868E47300A650BC /* Supporting Files */,
			);
			path = BodyAngleTests;
			sourceTree = "<group>";
		};
		D832B5E01868E47300A650BC /* Supporting Files */ = {
			isa = PBXGroup;
			children = (
				D832B5E11868E47300A650BC /* BodyAngleTests-Info.plist */,
				D832B5E21868E47300A650BC /* InfoPlist.strings */,
			);
			name = "Supporting Files";
			sourceTree = "<group>";
		};
/* End PBXGroup section */

/* Begin PBXNativeTarget section */
		D832B5B61868E47300A650BC /* BodyAngle */ = {
			isa = PBXNativeTarget;
			buildConfigurationList = D832B5E91868E47300A650BC /* Build configuration list for PBXNativeTarget "BodyAngle" */;
			buildPhases = (
				D832B5B31868E47300A650BC /* Sources */,
				D832B5B41868E47300A650BC /* Frameworks */,
				D832B5B51868E47300A650BC /* Resources */,
			);
			buildRules = (
			);
			dependencies = (
			);
			name = BodyAngle;
			productName = BodyAngle;
			productReference = D832B5B71868E47300A650BC /* BodyAngle.app */;
			productType = "com.apple.product-type.application";
		};
		D832B5D71868E47300A650BC /* BodyAngleTests */ = {
			isa = PBXNativeTarget;
			buildConfigurationList = D832B5EC1868E47300A650BC /* Build configuration list for PBXNativeTarget "BodyAngleTests" */;
			buildPhases = (
				D832B5D41868E47300A650BC /* Sources */,
				D832B5D51868E47300A650BC /* Frameworks */,
				D832B5D61868E47300A650BC /* Resources */,
			);
			buildRules = (
			);
			dependencies = (
				D832B5DE1868E47300A650BC /* PBXTargetDependency */,
			);
			name = BodyAngleTests;
			productName = BodyAngleTests;
			productReference = D832B5D81868E47300A650BC /* BodyAngleTests.xctest */;
			productType = "com.apple.product-type.bundle.unit-test";
		};
/* End PBXNativeTarget section */

/* Begin PBXProject section */
		D832B5AF1868E47300A650BC /* Project object */ = {
			isa = PBXProject;
			attributes = {
				CLASSPREFIX = SAC;
				LastUpgradeCheck = 0500;
				ORGANIZATIONNAME = "Standalone Code LLC";
				TargetAttributes = {
					D832B5D71868E47300A650BC = {
						TestTargetID = D832B5B61868E47300A650BC;
					};
				};
			};
			buildConfigurationList = D832B5B21868E47300A650BC /* Build configuration list for PBXProject "BodyAngle" */;
			compatibilityVersion = "Xcode 3.2";
			developmentRegion = English;
			hasScannedForEncodings = 0;
			knownRegions = (
				en,
				Base,
			);
			mainGroup = D832B5AE1868E47300A650BC;
			productRefGroup = D832B5B81868E47300A650BC /* Products */;
			projectDirPath = "";
			projectRoot = "";
			targets = (
				D832B5B61868E47300A650BC /* BodyAngle */,
				D832B5D71868E47300A650BC /* BodyAngleTests */,
			);
		};
/* End PBXProject section */

/* Begin PBXResourcesBuildPhase section */
		D832B5B51868E47300A650BC /* Resources */ = {
			isa = PBXResourcesBuildPhase;
			buildActionMask = 2147483647;
			files = (
				D832B5D31868E47300A650BC /* Images.xcassets in Resources */,
				D832B5C51868E47300A650BC /* InfoPlist.strings in Resources */,
				D832B5CE1868E47300A650BC /* Main.storyboard in Resources */,
			);
			runOnlyForDeploymentPostprocessing = 0;
		};
		D832B5D61868E47300A650BC /* Resources */ = {
			isa = PBXResourcesBuildPhase;
			buildActionMask = 2147483647;
			files = (
				D832B5E41868E47300A650BC /* InfoPlist.strings in Resources */,
			);
			runOnlyForDeploymentPostprocessing = 0;
		};
/* End PBXResourcesBuildPhase section */

/* Begin PBXSourcesBuildPhase section */
		D832B5B31868E47300A650BC /* Sources */ = {
			isa = PBXSourcesBuildPhase;
			buildActionMask = 2147483647;
			files = (
				D832B5CB1868E47300A650BC /* SACAppDelegate.m in Sources */,
				D832B5D11868E47300A650BC /* SACViewController.m in Sources */,
				D832B5C71868E47300A650BC /* main.m in Sources */,
			);
			runOnlyForDeploymentPostprocessing = 0;
		};
		D832B5D41868E47300A650BC /* Sources */ = {
			isa = PBXSourcesBuildPhase;
			buildActionMask = 2147483647;
			files = (
				D832B5E61868E47300A650BC /* BodyAngleTests.m in Sources */,
			);
			runOnlyForDeploymentPostprocessing = 0;
		};
/* End PBXSourcesBuildPhase section */

/* Begin PBXTargetDependency section */
		D832B5DE1868E47300A650BC /* PBXTargetDependency */ = {
			isa = PBXTargetDependency;
			target = D832B5B61868E47300A650BC /* BodyAngle */;
			targetProxy = D832B5DD1868E47300A650BC /* PBXContainerItemProxy */;
		};
/* End PBXTargetDependency section */

/* Begin PBXVariantGroup section */
		D832B5C31868E47300A650BC /* InfoPlist.strings */ = {
			isa = PBXVariantGroup;
			children = (
				D832B5C41868E47300A650BC /* en */,
			);
			name = InfoPlist.strings;
			sourceTree = "<group>";
		};
		D832B5CC1868E47300A650BC /* Main.storyboard */ = {
			isa = PBXVariantGroup;
			children = (
				D832B5CD1868E47300A650BC /* Base */,
			);
			name = Main.storyboard;
			sourceTree = "<group>";
		};
		D832B5E21868E47300A650BC /* InfoPlist.strings */ = {
			isa = PBXVariantGroup;
			children = (
				D832B5E31868E47300A650BC /* en */,
			);
			name = InfoPlist.strings;
			sourceTree = "<group>";
		};
/* End PBXVariantGroup section */

/* Begin XCBuildConfiguration section */
		D832B5E71868E47300A650BC /* Debug */ = {
			isa = XCBuildConfiguration;
			buildSettings = {
				ALWAYS_SEARCH_USER_PATHS = NO;
				ARCHS = "$(ARCHS_STANDARD_INCLUDING_64_BIT)";
				CLANG_CXX_LANGUAGE_STANDARD = "gnu++0x";
				CLANG_CXX_LIBRARY = "libc++";
				CLANG_ENABLE_MODULES = YES;
				CLANG_ENABLE_OBJC_ARC = YES;
				CLANG_WARN_BOOL_CONVERSION = YES;
				CLANG_WARN_CONSTANT_CONVERSION = YES;
				CLANG_WARN_DIRECT_OBJC_ISA_USAGE = YES_ERROR;
				CLANG_WARN_EMPTY_BODY = YES;
				CLANG_WARN_ENUM_CONVERSION = YES;
				CLANG_WARN_INT_CONVERSION = YES;
				CLANG_WARN_OBJC_ROOT_CLASS = YES_ERROR;
				CLANG_WARN__DUPLICATE_METHOD_MATCH = YES;
				"CODE_SIGN_IDENTITY[sdk=iphoneos*]" = "iPhone Developer";
				COPY_PHASE_STRIP = NO;
				GCC_C_LANGUAGE_STANDARD = gnu99;
				GCC_DYNAMIC_NO_PIC = NO;
				GCC_OPTIMIZATION_LEVEL = 0;
				GCC_PREPROCESSOR_DEFINITIONS = (
					"DEBUG=1",
					"$(inherited)",
				);
				GCC_SYMBOLS_PRIVATE_EXTERN = NO;
				GCC_WARN_64_TO_32_BIT_CONVERSION = YES;
				GCC_WARN_ABOUT_RETURN_TYPE = YES_ERROR;
				GCC_WARN_UNDECLARED_SELECTOR = YES;
				GCC_WARN_UNINITIALIZED_AUTOS = YES;
				GCC_WARN_UNUSED_FUNCTION = YES;
				GCC_WARN_UNUSED_VARIABLE = YES;
				IPHONEOS_DEPLOYMENT_TARGET = 7.0;
				ONLY_ACTIVE_ARCH = YES;
				SDKROOT = iphoneos;
			};
			name = Debug;
		};
		D832B5E81868E47300A650BC /* Release */ = {
			isa = XCBuildConfiguration;
			buildSettings = {
				ALWAYS_SEARCH_USER_PATHS = NO;
				ARCHS = "$(ARCHS_STANDARD_INCLUDING_64_BIT)";
				CLANG_CXX_LANGUAGE_STANDARD = "gnu++0x";
				CLANG_CXX_LIBRARY = "libc++";
				CLANG_ENABLE_MODULES = YES;
				CLANG_ENABLE_OBJC_ARC = YES;
				CLANG_WARN_BOOL_CONVERSION = YES;
				CLANG_WARN_CONSTANT_CONVERSION = YES;
				CLANG_WARN_DIRECT_OBJC_ISA_USAGE = YES_ERROR;
				CLANG_WARN_EMPTY_BODY = YES;
				CLANG_WARN_ENUM_CONVERSION = YES;
				CLANG_WARN_INT_CONVERSION = YES;
				CLANG_WARN_OBJC_ROOT_CLASS = YES_ERROR;
				CLANG_WARN__DUPLICATE_METHOD_MATCH = YES;
				"CODE_SIGN_IDENTITY[sdk=iphoneos*]" = "iPhone Developer";
				COPY_PHASE_STRIP = YES;
				ENABLE_NS_ASSERTIONS = NO;
				GCC_C_LANGUAGE_STANDARD = gnu99;
				GCC_WARN_64_TO_32_BIT_CONVERSION = YES;
				GCC_WARN_ABOUT_RETURN_TYPE = YES_ERROR;
				GCC_WARN_UNDECLARED_SELECTOR = YES;
				GCC_WARN_UNINITIALIZED_AUTOS = YES;
				GCC_WARN_UNUSED_FUNCTION = YES;
				GCC_WARN_UNUSED_VARIABLE = YES;
				IPHONEOS_DEPLOYMENT_TARGET = 7.0;
				SDKROOT = iphoneos;
				VALIDATE_PRODUCT = YES;
			};
			name = Release;
		};
		D832B5EA1868E47300A650BC /* Debug */ = {
			isa = XCBuildConfiguration;
			buildSettings = {
				ASSETCATALOG_COMPILER_APPICON_NAME = AppIcon;
				ASSETCATALOG_COMPILER_LAUNCHIMAGE_NAME = LaunchImage;
				GCC_PRECOMPILE_PREFIX_HEADER = YES;
				GCC_PREFIX_HEADER = "BodyAngle/BodyAngle-Prefix.pch";
				INFOPLIST_FILE = "BodyAngle/BodyAngle-Info.plist";
				PRODUCT_NAME = "$(TARGET_NAME)";
				WRAPPER_EXTENSION = app;
			};
			name = Debug;
		};
		D832B5EB1868E47300A650BC /* Release */ = {
			isa = XCBuildConfiguration;
			buildSettings = {
				ASSETCATALOG_COMPILER_APPICON_NAME = AppIcon;
				ASSETCATALOG_COMPILER_LAUNCHIMAGE_NAME = LaunchImage;
				GCC_PRECOMPILE_PREFIX_HEADER = YES;
				GCC_PREFIX_HEADER = "BodyAngle/BodyAngle-Prefix.pch";
				INFOPLIST_FILE = "BodyAngle/BodyAngle-Info.plist";
				PRODUCT_NAME = "$(TARGET_NAME)";
				WRAPPER_EXTENSION = app;
			};
			name = Release;
		};
		D832B5ED1868E47300A650BC /* Debug */ = {
			isa = XCBuildConfiguration;
			buildSettings = {
				ARCHS = "$(ARCHS_STANDARD_INCLUDING_64_BIT)";
				BUNDLE_LOADER = "$(BUILT_PRODUCTS_DIR)/BodyAngle.app/BodyAngle";
				FRAMEWORK_SEARCH_PATHS = (
					"$(SDKROOT)/Developer/Library/Frameworks",
					"$(inherited)",
					"$(DEVELOPER_FRAMEWORKS_DIR)",
				);
				GCC_PRECOMPILE_PREFIX_HEADER = YES;
				GCC_PREFIX_HEADER = "BodyAngle/BodyAngle-Prefix.pch";
				GCC_PREPROCESSOR_DEFINITIONS = (
					"DEBUG=1",
					"$(inherited)",
				);
				INFOPLIST_FILE = "BodyAngleTests/BodyAngleTests-Info.plist";
				PRODUCT_NAME = "$(TARGET_NAME)";
				TEST_HOST = "$(BUNDLE_LOADER)";
				WRAPPER_EXTENSION = xctest;
			};
			name = Debug;
		};
		D832B5EE1868E47300A650BC /* Release */ = {
			isa = XCBuildConfiguration;
			buildSettings = {
				ARCHS = "$(ARCHS_STANDARD_INCLUDING_64_BIT)";
				BUNDLE_LOADER = "$(BUILT_PRODUCTS_DIR)/BodyAngle.app/BodyAngle";
				FRAMEWORK_SEARCH_PATHS = (
					"$(SDKROOT)/Developer/Library/Frameworks",
					"$(inherited)",
					"$(DEVELOPER_FRAMEWORKS_DIR)",
				);
				GCC_PRECOMPILE_PREFIX_HEADER = YES;
				GCC_PREFIX_HEADER = "BodyAngle/BodyAngle-Prefix.pch";
				INFOPLIST_FILE = "BodyAngleTests/BodyAngleTests-Info.plist";
				PRODUCT_NAME = "$(TARGET_NAME)";
				TEST_HOST = "$(BUNDLE_LOADER)";
				WRAPPER_EXTENSION = xctest;
			};
			name = Release;
		};
/* End XCBuildConfiguration section */

/* Begin XCConfigurationList section */
		D832B5B21868E47300A650BC /* Build configuration list for PBXProject "BodyAngle" */ = {
			isa = XCConfigurationList;
			buildConfigurations = (
				D832B5E71868E47300A650BC /* Debug */,
				D832B5E81868E47300A650BC /* Release */,
			);
			defaultConfigurationIsVisible = 0;
			defaultConfigurationName = Release;
		};
		D832B5E91868E47300A650BC /* Build configuration list for PBXNativeTarget "BodyAngle" */ = {
			isa = XCConfigurationList;
			buildConfigurations = (
				D832B5EA1868E47300A650BC /* Debug */,
				D832B5EB1868E47300A650BC /* Release */,
			);
			defaultConfigurationIsVisible = 0;
		};
		D832B5EC1868E47300A650BC /* Build configuration list for PBXNativeTarget "BodyAngleTests" */ = {
			isa = XCConfigurationList;
			buildConfigurations = (
				D832B5ED1868E47300A650BC /* Debug */,
				D832B5EE1868E47300A650BC /* Release */,
			);
			defaultConfigurationIsVisible = 0;
		};
/* End XCConfigurationList section */
	};
	rootObject = D832B5AF1868E47300A650BC /* Project object */;
}
